// !$*UTF8*$!
{
	archiveVersion = 1;
	classes = {
	};
	objectVersion = 50;
	objects = {

/* Begin PBXContainerItemProxy section */
		60B8610E215F77FF001F0F4B /* PBXContainerItemProxy */ = {
			isa = PBXContainerItemProxy;
			containerPortal = 60B86107215F77FF001F0F4B /* IOSToolbox.xcodeproj */;
			proxyType = 2;
			remoteGlobalIDString = 606D247E20BE81CD003B814C;
			remoteInfo = IOSToolbox;
		};
		60B86110215F77FF001F0F4B /* PBXContainerItemProxy */ = {
			isa = PBXContainerItemProxy;
			containerPortal = 60B86107215F77FF001F0F4B /* IOSToolbox.xcodeproj */;
			proxyType = 2;
			remoteGlobalIDString = 606D248720BE81CE003B814C;
			remoteInfo = IOSToolboxTests;
		};
/* End PBXContainerItemProxy section */

/* Begin PBXFileReference section */
		60B86091215F74A1001F0F4B /* TemplateIcon@2x.png */ = {isa = PBXFileReference; lastKnownFileType = image.png; path = "TemplateIcon@2x.png"; sourceTree = "<group>"; };
		60B860AD215F74A1001F0F4B /* TemplateIcon.png */ = {isa = PBXFileReference; lastKnownFileType = image.png; path = TemplateIcon.png; sourceTree = "<group>"; };
		60B860AE215F74A1001F0F4B /* TemplateInfo.plist */ = {isa = PBXFileReference; lastKnownFileType = text.plist.xml; path = TemplateInfo.plist; sourceTree = "<group>"; };
		60B860B5215F74A1001F0F4B /* TemplateIcon@2x.png */ = {isa = PBXFileReference; lastKnownFileType = image.png; path = "TemplateIcon@2x.png"; sourceTree = "<group>"; };
		60B860B7215F74A1001F0F4B /* ___FILEBASENAME___ViewController.swift */ = {isa = PBXFileReference; lastKnownFileType = sourcecode.swift; path = "___FILEBASENAME___ViewController.swift"; sourceTree = "<group>"; };
		60B860B9215F74A1001F0F4B /* ___FILEBASENAME___ViewController.swift */ = {isa = PBXFileReference; lastKnownFileType = sourcecode.swift; path = "___FILEBASENAME___ViewController.swift"; sourceTree = "<group>"; };
		60B860BB215F74A1001F0F4B /* ___FILEBASENAME___ViewController.swift */ = {isa = PBXFileReference; lastKnownFileType = sourcecode.swift; path = "___FILEBASENAME___ViewController.swift"; sourceTree = "<group>"; };
		60B860BC215F74A1001F0F4B /* TemplateIcon.png */ = {isa = PBXFileReference; lastKnownFileType = image.png; path = TemplateIcon.png; sourceTree = "<group>"; };
		60B860BD215F74A1001F0F4B /* TemplateInfo.plist */ = {isa = PBXFileReference; lastKnownFileType = text.plist.xml; path = TemplateInfo.plist; sourceTree = "<group>"; };
		60B860BF215F74A1001F0F4B /* TemplateIcon@2x.png */ = {isa = PBXFileReference; lastKnownFileType = image.png; path = "TemplateIcon@2x.png"; sourceTree = "<group>"; };
		60B860C0215F74A1001F0F4B /* ___FILEBASENAME___Router.swift */ = {isa = PBXFileReference; lastKnownFileType = sourcecode.swift; path = "___FILEBASENAME___Router.swift"; sourceTree = "<group>"; };
		60B860C1215F74A1001F0F4B /* TemplateIcon.png */ = {isa = PBXFileReference; lastKnownFileType = image.png; path = TemplateIcon.png; sourceTree = "<group>"; };
		60B860C2215F74A1001F0F4B /* TemplateInfo.plist */ = {isa = PBXFileReference; lastKnownFileType = text.plist.xml; path = TemplateInfo.plist; sourceTree = "<group>"; };
		60B860C4215F74A1001F0F4B /* TemplateIcon@2x.png */ = {isa = PBXFileReference; lastKnownFileType = image.png; path = "TemplateIcon@2x.png"; sourceTree = "<group>"; };
		60B860C5215F74A1001F0F4B /* ___FILEBASENAME___Models.swift */ = {isa = PBXFileReference; lastKnownFileType = sourcecode.swift; path = "___FILEBASENAME___Models.swift"; sourceTree = "<group>"; };
		60B860C6215F74A1001F0F4B /* TemplateIcon.png */ = {isa = PBXFileReference; lastKnownFileType = image.png; path = TemplateIcon.png; sourceTree = "<group>"; };
		60B860C7215F74A1001F0F4B /* TemplateInfo.plist */ = {isa = PBXFileReference; lastKnownFileType = text.plist.xml; path = TemplateInfo.plist; sourceTree = "<group>"; };
		60B860C9215F74A1001F0F4B /* ___FILEBASENAME___ViewControllerTests.swift */ = {isa = PBXFileReference; lastKnownFileType = sourcecode.swift; path = "___FILEBASENAME___ViewControllerTests.swift"; sourceTree = "<group>"; };
		60B860CA215F74A1001F0F4B /* TemplateIcon@2x.png */ = {isa = PBXFileReference; lastKnownFileType = image.png; path = "TemplateIcon@2x.png"; sourceTree = "<group>"; };
		60B860CB215F74A1001F0F4B /* ___FILEBASENAME___InteractorTests.swift */ = {isa = PBXFileReference; lastKnownFileType = sourcecode.swift; path = "___FILEBASENAME___InteractorTests.swift"; sourceTree = "<group>"; };
		60B860CC215F74A1001F0F4B /* ___FILEBASENAME___WorkerTests.swift */ = {isa = PBXFileReference; lastKnownFileType = sourcecode.swift; path = "___FILEBASENAME___WorkerTests.swift"; sourceTree = "<group>"; };
		60B860CD215F74A1001F0F4B /* ___FILEBASENAME___PresenterTests.swift */ = {isa = PBXFileReference; lastKnownFileType = sourcecode.swift; path = "___FILEBASENAME___PresenterTests.swift"; sourceTree = "<group>"; };
		60B860CE215F74A1001F0F4B /* TemplateIcon.png */ = {isa = PBXFileReference; lastKnownFileType = image.png; path = TemplateIcon.png; sourceTree = "<group>"; };
		60B860CF215F74A1001F0F4B /* TemplateInfo.plist */ = {isa = PBXFileReference; lastKnownFileType = text.plist.xml; path = TemplateInfo.plist; sourceTree = "<group>"; };
		60B860D1215F74A1001F0F4B /* TemplateIcon@2x.png */ = {isa = PBXFileReference; lastKnownFileType = image.png; path = "TemplateIcon@2x.png"; sourceTree = "<group>"; };
		60B860D2215F74A1001F0F4B /* ___FILEBASENAME___Presenter.swift */ = {isa = PBXFileReference; lastKnownFileType = sourcecode.swift; path = "___FILEBASENAME___Presenter.swift"; sourceTree = "<group>"; };
		60B860D3215F74A1001F0F4B /* TemplateIcon.png */ = {isa = PBXFileReference; lastKnownFileType = image.png; path = TemplateIcon.png; sourceTree = "<group>"; };
		60B860D4215F74A1001F0F4B /* TemplateInfo.plist */ = {isa = PBXFileReference; lastKnownFileType = text.plist.xml; path = TemplateInfo.plist; sourceTree = "<group>"; };
		60B860D6215F74A1001F0F4B /* TemplateIcon@2x.png */ = {isa = PBXFileReference; lastKnownFileType = image.png; path = "TemplateIcon@2x.png"; sourceTree = "<group>"; };
		60B860D7215F74A1001F0F4B /* ___FILEBASENAME___Worker.swift */ = {isa = PBXFileReference; lastKnownFileType = sourcecode.swift; path = "___FILEBASENAME___Worker.swift"; sourceTree = "<group>"; };
		60B860D8215F74A1001F0F4B /* TemplateIcon.png */ = {isa = PBXFileReference; lastKnownFileType = image.png; path = TemplateIcon.png; sourceTree = "<group>"; };
		60B860D9215F74A1001F0F4B /* TemplateInfo.plist */ = {isa = PBXFileReference; lastKnownFileType = text.plist.xml; path = TemplateInfo.plist; sourceTree = "<group>"; };
		60B860DB215F74A1001F0F4B /* TemplateIcon@2x.png */ = {isa = PBXFileReference; lastKnownFileType = image.png; path = "TemplateIcon@2x.png"; sourceTree = "<group>"; };
		60B860DC215F74A1001F0F4B /* ___FILEBASENAME___Interactor.swift */ = {isa = PBXFileReference; lastKnownFileType = sourcecode.swift; path = "___FILEBASENAME___Interactor.swift"; sourceTree = "<group>"; };
		60B860DD215F74A1001F0F4B /* TemplateIcon.png */ = {isa = PBXFileReference; lastKnownFileType = image.png; path = TemplateIcon.png; sourceTree = "<group>"; };
		60B860DE215F74A1001F0F4B /* TemplateInfo.plist */ = {isa = PBXFileReference; lastKnownFileType = text.plist.xml; path = TemplateInfo.plist; sourceTree = "<group>"; };
		60B860E5215F74DF001F0F4B /* CopyTemplates.sh */ = {isa = PBXFileReference; lastKnownFileType = text.script.sh; name = CopyTemplates.sh; path = ../CopyTemplates.sh; sourceTree = "<group>"; };
		60B860E8215F77FF001F0F4B /* LICENSE */ = {isa = PBXFileReference; lastKnownFileType = text; path = LICENSE; sourceTree = "<group>"; };
		60B860EB215F77FF001F0F4B /* IOSToolboxTests-Bridging-Header.h */ = {isa = PBXFileReference; lastKnownFileType = sourcecode.c.h; path = "IOSToolboxTests-Bridging-Header.h"; sourceTree = "<group>"; };
		60B860EC215F77FF001F0F4B /* SwiftTryCatch.h */ = {isa = PBXFileReference; lastKnownFileType = sourcecode.c.h; path = SwiftTryCatch.h; sourceTree = "<group>"; };
		60B860EF215F77FF001F0F4B /* DefaultControllerNamingStrategyTest.swift */ = {isa = PBXFileReference; lastKnownFileType = sourcecode.swift; path = DefaultControllerNamingStrategyTest.swift; sourceTree = "<group>"; };
		60B860F0215F77FF001F0F4B /* DefaultControllerInstantiatorTest.swift */ = {isa = PBXFileReference; lastKnownFileType = sourcecode.swift; path = DefaultControllerInstantiatorTest.swift; sourceTree = "<group>"; };
		60B860F1215F77FF001F0F4B /* EnglandWorldCupLosersViewController.swift */ = {isa = PBXFileReference; lastKnownFileType = sourcecode.swift; path = EnglandWorldCupLosersViewController.swift; sourceTree = "<group>"; };
		60B860F2215F77FF001F0F4B /* EnglandWorldCupWinnersViewController.xib */ = {isa = PBXFileReference; lastKnownFileType = file.xib; path = EnglandWorldCupWinnersViewController.xib; sourceTree = "<group>"; };
		60B860F3215F77FF001F0F4B /* EnglandWorldCupLosers.storyboard */ = {isa = PBXFileReference; lastKnownFileType = file.storyboard; path = EnglandWorldCupLosers.storyboard; sourceTree = "<group>"; };
		60B860F4215F77FF001F0F4B /* EnglandWorldCupWinnersViewController.swift */ = {isa = PBXFileReference; lastKnownFileType = sourcecode.swift; path = EnglandWorldCupWinnersViewController.swift; sourceTree = "<group>"; };
		60B860F5215F77FF001F0F4B /* SwiftTryCatch.m */ = {isa = PBXFileReference; lastKnownFileType = sourcecode.c.objc; path = SwiftTryCatch.m; sourceTree = "<group>"; };
		60B860F6215F77FF001F0F4B /* Info.plist */ = {isa = PBXFileReference; lastKnownFileType = text.plist.xml; path = Info.plist; sourceTree = "<group>"; };
		60B860F9215F77FF001F0F4B /* AppDelegateSupervisor.swift */ = {isa = PBXFileReference; lastKnownFileType = sourcecode.swift; path = AppDelegateSupervisor.swift; sourceTree = "<group>"; };
		60B860FA215F77FF001F0F4B /* Array+UIApplicationDelegate.swift */ = {isa = PBXFileReference; lastKnownFileType = sourcecode.swift; path = "Array+UIApplicationDelegate.swift"; sourceTree = "<group>"; };
		60B860FD215F77FF001F0F4B /* DefaultControllerNamingStrategy.swift */ = {isa = PBXFileReference; lastKnownFileType = sourcecode.swift; path = DefaultControllerNamingStrategy.swift; sourceTree = "<group>"; };
		60B860FE215F77FF001F0F4B /* DefaultControllerInstantiator.swift */ = {isa = PBXFileReference; lastKnownFileType = sourcecode.swift; path = DefaultControllerInstantiator.swift; sourceTree = "<group>"; };
		60B860FF215F77FF001F0F4B /* ControllerNamingStrategy.swift */ = {isa = PBXFileReference; lastKnownFileType = sourcecode.swift; path = ControllerNamingStrategy.swift; sourceTree = "<group>"; };
		60B86100215F77FF001F0F4B /* ControllerConfigurator.swift */ = {isa = PBXFileReference; lastKnownFileType = sourcecode.swift; path = ControllerConfigurator.swift; sourceTree = "<group>"; };
		60B86101215F77FF001F0F4B /* ControllerFactory.swift */ = {isa = PBXFileReference; lastKnownFileType = sourcecode.swift; path = ControllerFactory.swift; sourceTree = "<group>"; };
		60B86102215F77FF001F0F4B /* ControllerInstantiator.swift */ = {isa = PBXFileReference; lastKnownFileType = sourcecode.swift; path = ControllerInstantiator.swift; sourceTree = "<group>"; };
		60B86103215F77FF001F0F4B /* ProvidesControllerInstantiator.swift */ = {isa = PBXFileReference; lastKnownFileType = sourcecode.swift; path = ProvidesControllerInstantiator.swift; sourceTree = "<group>"; };
		60B86104215F77FF001F0F4B /* DefaultControllerFactory.swift */ = {isa = PBXFileReference; lastKnownFileType = sourcecode.swift; path = DefaultControllerFactory.swift; sourceTree = "<group>"; };
		60B86105215F77FF001F0F4B /* ProvidesControllerConfigurator.swift */ = {isa = PBXFileReference; lastKnownFileType = sourcecode.swift; path = ProvidesControllerConfigurator.swift; sourceTree = "<group>"; };
		60B86106215F77FF001F0F4B /* Info.plist */ = {isa = PBXFileReference; lastKnownFileType = text.plist.xml; path = Info.plist; sourceTree = "<group>"; };
		60B86107215F77FF001F0F4B /* IOSToolbox.xcodeproj */ = {isa = PBXFileReference; lastKnownFileType = "wrapper.pb-project"; path = IOSToolbox.xcodeproj; sourceTree = "<group>"; };
		60B8610A215F77FF001F0F4B /* README.md */ = {isa = PBXFileReference; lastKnownFileType = net.daringfireball.markdown; path = README.md; sourceTree = "<group>"; };
		60B8610B215F77FF001F0F4B /* .gitignore */ = {isa = PBXFileReference; lastKnownFileType = text; path = .gitignore; sourceTree = "<group>"; };
		60B86112215F7850001F0F4B /* TemplateInfo.plist */ = {isa = PBXFileReference; lastKnownFileType = text.plist.xml; path = TemplateInfo.plist; sourceTree = "<group>"; };
/* End PBXFileReference section */

/* Begin PBXGroup section */
		609AD40020B4111C005B3271 = {
			isa = PBXGroup;
			children = (
				60B860E5215F74DF001F0F4B /* CopyTemplates.sh */,
				60B8608E215F74A1001F0F4B /* Source */,
			);
			sourceTree = "<group>";
		};
		60B8608E215F74A1001F0F4B /* Source */ = {
			isa = PBXGroup;
			children = (
				60B860DA215F74A1001F0F4B /* Interactor.xctemplate */,
				60B860C3215F74A1001F0F4B /* Models.xctemplate */,
				60B860D0215F74A1001F0F4B /* Presenter.xctemplate */,
				60B860BE215F74A1001F0F4B /* Router.xctemplate */,
				60B86090215F74A1001F0F4B /* Scene.xctemplate */,
				60B860E6215F76FC001F0F4B /* ToolBox.xctemplate */,
				60B860C8215F74A1001F0F4B /* Unit Tests.xctemplate */,
				60B860B4215F74A1001F0F4B /* View Controller.xctemplate */,
				60B860D5215F74A1001F0F4B /* Worker.xctemplate */,
			);
			path = Source;
			sourceTree = "<group>";
		};
		60B86090215F74A1001F0F4B /* Scene.xctemplate */ = {
			isa = PBXGroup;
			children = (
				60B860AD215F74A1001F0F4B /* TemplateIcon.png */,
				60B86091215F74A1001F0F4B /* TemplateIcon@2x.png */,
				60B86112215F7850001F0F4B /* TemplateInfo.plist */,
			);
			path = Scene.xctemplate;
			sourceTree = "<group>";
		};
		60B860B4215F74A1001F0F4B /* View Controller.xctemplate */ = {
			isa = PBXGroup;
			children = (
				60B860B5215F74A1001F0F4B /* TemplateIcon@2x.png */,
				60B860B6215F74A1001F0F4B /* UITableViewController */,
				60B860B8215F74A1001F0F4B /* UICollectionViewController */,
				60B860BA215F74A1001F0F4B /* UIViewController */,
				60B860BC215F74A1001F0F4B /* TemplateIcon.png */,
				60B860BD215F74A1001F0F4B /* TemplateInfo.plist */,
			);
			path = "View Controller.xctemplate";
			sourceTree = "<group>";
		};
		60B860B6215F74A1001F0F4B /* UITableViewController */ = {
			isa = PBXGroup;
			children = (
				60B860B7215F74A1001F0F4B /* ___FILEBASENAME___ViewController.swift */,
			);
			path = UITableViewController;
			sourceTree = "<group>";
		};
		60B860B8215F74A1001F0F4B /* UICollectionViewController */ = {
			isa = PBXGroup;
			children = (
				60B860B9215F74A1001F0F4B /* ___FILEBASENAME___ViewController.swift */,
			);
			path = UICollectionViewController;
			sourceTree = "<group>";
		};
		60B860BA215F74A1001F0F4B /* UIViewController */ = {
			isa = PBXGroup;
			children = (
				60B860BB215F74A1001F0F4B /* ___FILEBASENAME___ViewController.swift */,
			);
			path = UIViewController;
			sourceTree = "<group>";
		};
		60B860BE215F74A1001F0F4B /* Router.xctemplate */ = {
			isa = PBXGroup;
			children = (
				60B860BF215F74A1001F0F4B /* TemplateIcon@2x.png */,
				60B860C0215F74A1001F0F4B /* ___FILEBASENAME___Router.swift */,
				60B860C1215F74A1001F0F4B /* TemplateIcon.png */,
				60B860C2215F74A1001F0F4B /* TemplateInfo.plist */,
			);
			path = Router.xctemplate;
			sourceTree = "<group>";
		};
		60B860C3215F74A1001F0F4B /* Models.xctemplate */ = {
			isa = PBXGroup;
			children = (
				60B860C4215F74A1001F0F4B /* TemplateIcon@2x.png */,
				60B860C5215F74A1001F0F4B /* ___FILEBASENAME___Models.swift */,
				60B860C6215F74A1001F0F4B /* TemplateIcon.png */,
				60B860C7215F74A1001F0F4B /* TemplateInfo.plist */,
			);
			path = Models.xctemplate;
			sourceTree = "<group>";
		};
		60B860C8215F74A1001F0F4B /* Unit Tests.xctemplate */ = {
			isa = PBXGroup;
			children = (
				60B860C9215F74A1001F0F4B /* ___FILEBASENAME___ViewControllerTests.swift */,
				60B860CA215F74A1001F0F4B /* TemplateIcon@2x.png */,
				60B860CB215F74A1001F0F4B /* ___FILEBASENAME___InteractorTests.swift */,
				60B860CC215F74A1001F0F4B /* ___FILEBASENAME___WorkerTests.swift */,
				60B860CD215F74A1001F0F4B /* ___FILEBASENAME___PresenterTests.swift */,
				60B860CE215F74A1001F0F4B /* TemplateIcon.png */,
				60B860CF215F74A1001F0F4B /* TemplateInfo.plist */,
			);
			path = "Unit Tests.xctemplate";
			sourceTree = "<group>";
		};
		60B860D0215F74A1001F0F4B /* Presenter.xctemplate */ = {
			isa = PBXGroup;
			children = (
				60B860D1215F74A1001F0F4B /* TemplateIcon@2x.png */,
				60B860D2215F74A1001F0F4B /* ___FILEBASENAME___Presenter.swift */,
				60B860D3215F74A1001F0F4B /* TemplateIcon.png */,
				60B860D4215F74A1001F0F4B /* TemplateInfo.plist */,
			);
			path = Presenter.xctemplate;
			sourceTree = "<group>";
		};
		60B860D5215F74A1001F0F4B /* Worker.xctemplate */ = {
			isa = PBXGroup;
			children = (
				60B860D6215F74A1001F0F4B /* TemplateIcon@2x.png */,
				60B860D7215F74A1001F0F4B /* ___FILEBASENAME___Worker.swift */,
				60B860D8215F74A1001F0F4B /* TemplateIcon.png */,
				60B860D9215F74A1001F0F4B /* TemplateInfo.plist */,
			);
			path = Worker.xctemplate;
			sourceTree = "<group>";
		};
		60B860DA215F74A1001F0F4B /* Interactor.xctemplate */ = {
			isa = PBXGroup;
			children = (
				60B860DB215F74A1001F0F4B /* TemplateIcon@2x.png */,
				60B860DC215F74A1001F0F4B /* ___FILEBASENAME___Interactor.swift */,
				60B860DD215F74A1001F0F4B /* TemplateIcon.png */,
				60B860DE215F74A1001F0F4B /* TemplateInfo.plist */,
			);
			path = Interactor.xctemplate;
			sourceTree = "<group>";
		};
		60B860E6215F76FC001F0F4B /* ToolBox.xctemplate */ = {
			isa = PBXGroup;
			children = (
				60B860AE215F74A1001F0F4B /* TemplateInfo.plist */,
				60B860E7215F77FF001F0F4B /* ios-toolbox */,
			);
			path = ToolBox.xctemplate;
			sourceTree = "<group>";
		};
		60B860E7215F77FF001F0F4B /* ios-toolbox */ = {
			isa = PBXGroup;
			children = (
				60B860E8215F77FF001F0F4B /* LICENSE */,
				60B860E9215F77FF001F0F4B /* IOSToolbox */,
				60B8610A215F77FF001F0F4B /* README.md */,
				60B8610B215F77FF001F0F4B /* .gitignore */,
			);
			path = "ios-toolbox";
			sourceTree = "<group>";
		};
		60B860E9215F77FF001F0F4B /* IOSToolbox */ = {
			isa = PBXGroup;
			children = (
				60B860EA215F77FF001F0F4B /* IOSToolboxTests */,
				60B860F7215F77FF001F0F4B /* IOSToolbox */,
				60B86107215F77FF001F0F4B /* IOSToolbox.xcodeproj */,
			);
			path = IOSToolbox;
			sourceTree = "<group>";
		};
		60B860EA215F77FF001F0F4B /* IOSToolboxTests */ = {
			isa = PBXGroup;
			children = (
				60B860EB215F77FF001F0F4B /* IOSToolboxTests-Bridging-Header.h */,
				60B860EC215F77FF001F0F4B /* SwiftTryCatch.h */,
				60B860ED215F77FF001F0F4B /* Wiring */,
				60B860F5215F77FF001F0F4B /* SwiftTryCatch.m */,
				60B860F6215F77FF001F0F4B /* Info.plist */,
			);
			path = IOSToolboxTests;
			sourceTree = "<group>";
		};
		60B860ED215F77FF001F0F4B /* Wiring */ = {
			isa = PBXGroup;
			children = (
				60B860EE215F77FF001F0F4B /* ViewController */,
			);
			path = Wiring;
			sourceTree = "<group>";
		};
		60B860EE215F77FF001F0F4B /* ViewController */ = {
			isa = PBXGroup;
			children = (
				60B860EF215F77FF001F0F4B /* DefaultControllerNamingStrategyTest.swift */,
				60B860F0215F77FF001F0F4B /* DefaultControllerInstantiatorTest.swift */,
				60B860F1215F77FF001F0F4B /* EnglandWorldCupLosersViewController.swift */,
				60B860F2215F77FF001F0F4B /* EnglandWorldCupWinnersViewController.xib */,
				60B860F3215F77FF001F0F4B /* EnglandWorldCupLosers.storyboard */,
				60B860F4215F77FF001F0F4B /* EnglandWorldCupWinnersViewController.swift */,
			);
			path = ViewController;
			sourceTree = "<group>";
		};
		60B860F7215F77FF001F0F4B /* IOSToolbox */ = {
			isa = PBXGroup;
			children = (
				60B860F8215F77FF001F0F4B /* Bootstrap */,
				60B860FB215F77FF001F0F4B /* Wiring */,
				60B86106215F77FF001F0F4B /* Info.plist */,
			);
			path = IOSToolbox;
			sourceTree = "<group>";
		};
		60B860F8215F77FF001F0F4B /* Bootstrap */ = {
			isa = PBXGroup;
			children = (
				60B860F9215F77FF001F0F4B /* AppDelegateSupervisor.swift */,
				60B860FA215F77FF001F0F4B /* Array+UIApplicationDelegate.swift */,
			);
			path = Bootstrap;
			sourceTree = "<group>";
		};
		60B860FB215F77FF001F0F4B /* Wiring */ = {
			isa = PBXGroup;
			children = (
				60B860FC215F77FF001F0F4B /* ViewController */,
			);
			path = Wiring;
			sourceTree = "<group>";
		};
		60B860FC215F77FF001F0F4B /* ViewController */ = {
			isa = PBXGroup;
			children = (
				60B860FD215F77FF001F0F4B /* DefaultControllerNamingStrategy.swift */,
				60B860FE215F77FF001F0F4B /* DefaultControllerInstantiator.swift */,
				60B860FF215F77FF001F0F4B /* ControllerNamingStrategy.swift */,
				60B86100215F77FF001F0F4B /* ControllerConfigurator.swift */,
				60B86101215F77FF001F0F4B /* ControllerFactory.swift */,
				60B86102215F77FF001F0F4B /* ControllerInstantiator.swift */,
				60B86103215F77FF001F0F4B /* ProvidesControllerInstantiator.swift */,
				60B86104215F77FF001F0F4B /* DefaultControllerFactory.swift */,
				60B86105215F77FF001F0F4B /* ProvidesControllerConfigurator.swift */,
			);
			path = ViewController;
			sourceTree = "<group>";
		};
		60B86108215F77FF001F0F4B /* Products */ = {
			isa = PBXGroup;
			children = (
				60B8610F215F77FF001F0F4B /* IOSToolbox.framework */,
				60B86111215F77FF001F0F4B /* IOSToolboxTests.xctest */,
			);
			name = Products;
			sourceTree = "<group>";
		};
/* End PBXGroup section */

/* Begin PBXProject section */
		609AD40120B4111C005B3271 /* Project object */ = {
			isa = PBXProject;
			attributes = {
				LastUpgradeCheck = 0930;
			};
			buildConfigurationList = 609AD40420B4111C005B3271 /* Build configuration list for PBXProject "VIPXcodeTemplates" */;
			compatibilityVersion = "Xcode 9.3";
			developmentRegion = en;
			hasScannedForEncodings = 0;
			knownRegions = (
				en,
			);
			mainGroup = 609AD40020B4111C005B3271;
			projectDirPath = "";
			projectReferences = (
				{
					ProductGroup = 60B86108215F77FF001F0F4B /* Products */;
					ProjectRef = 60B86107215F77FF001F0F4B /* IOSToolbox.xcodeproj */;
				},
			);
			projectRoot = "";
			targets = (
			);
		};
/* End PBXProject section */

/* Begin PBXReferenceProxy section */
		60B8610F215F77FF001F0F4B /* IOSToolbox.framework */ = {
			isa = PBXReferenceProxy;
			fileType = wrapper.framework;
			path = IOSToolbox.framework;
			remoteRef = 60B8610E215F77FF001F0F4B /* PBXContainerItemProxy */;
			sourceTree = BUILT_PRODUCTS_DIR;
		};
		60B86111215F77FF001F0F4B /* IOSToolboxTests.xctest */ = {
			isa = PBXReferenceProxy;
			fileType = wrapper.cfbundle;
			path = IOSToolboxTests.xctest;
			remoteRef = 60B86110215F77FF001F0F4B /* PBXContainerItemProxy */;
			sourceTree = BUILT_PRODUCTS_DIR;
		};
/* End PBXReferenceProxy section */

/* Begin XCBuildConfiguration section */
		609AD40520B4111C005B3271 /* Debug */ = {
			isa = XCBuildConfiguration;
			buildSettings = {
			};
			name = Debug;
		};
		609AD40620B4111C005B3271 /* Release */ = {
			isa = XCBuildConfiguration;
			buildSettings = {
			};
			name = Release;
		};
/* End XCBuildConfiguration section */

/* Begin XCConfigurationList section */
		609AD40420B4111C005B3271 /* Build configuration list for PBXProject "VIPXcodeTemplates" */ = {
			isa = XCConfigurationList;
			buildConfigurations = (
				609AD40520B4111C005B3271 /* Debug */,
				609AD40620B4111C005B3271 /* Release */,
			);
			defaultConfigurationIsVisible = 0;
			defaultConfigurationName = Release;
		};
/* End XCConfigurationList section */
	};
	rootObject = 609AD40120B4111C005B3271 /* Project object */;
}
